// !$*UTF8*$!
{
	archiveVersion = 1;
	classes = {
	};
	objectVersion = 56;
	objects = {

/* Begin PBXBuildFile section */
		F006A4E22D1E7DBC0045BED1 /* speakbuddy_iosApp.swift in Sources */ = {isa = PBXBuildFile; fileRef = F006A4E12D1E7DBC0045BED1 /* speakbuddy_iosApp.swift */; };
		F006A4E62D1E7DBD0045BED1 /* Assets.xcassets in Resources */ = {isa = PBXBuildFile; fileRef = F006A4E52D1E7DBD0045BED1 /* Assets.xcassets */; };
		F006A4EA2D1E7DBD0045BED1 /* Preview Assets.xcassets in Resources */ = {isa = PBXBuildFile; fileRef = F006A4E92D1E7DBD0045BED1 /* Preview Assets.xcassets */; };
		F006A4F42D1E7DBD0045BED1 /* speakbuddy_iosTests.swift in Sources */ = {isa = PBXBuildFile; fileRef = F006A4F32D1E7DBD0045BED1 /* speakbuddy_iosTests.swift */; };
		F006A4FE2D1E7DBD0045BED1 /* speakbuddy_iosUITests.swift in Sources */ = {isa = PBXBuildFile; fileRef = F006A4FD2D1E7DBD0045BED1 /* speakbuddy_iosUITests.swift */; };
		F006A5002D1E7DBD0045BED1 /* speakbuddy_iosUITestsLaunchTests.swift in Sources */ = {isa = PBXBuildFile; fileRef = F006A4FF2D1E7DBD0045BED1 /* speakbuddy_iosUITestsLaunchTests.swift */; };
		F0A8D5DB2D1EF60B00D662C4 /* BarView.swift in Sources */ = {isa = PBXBuildFile; fileRef = F0A8D5DA2D1EF60B00D662C4 /* BarView.swift */; };
		F0A8D5E32D1FAB0D00D662C4 /* Endpoints.swift in Sources */ = {isa = PBXBuildFile; fileRef = F0A8D5E22D1FAB0D00D662C4 /* Endpoints.swift */; };
		F0A8D5E62D1FAC3800D662C4 /* Alamofire in Frameworks */ = {isa = PBXBuildFile; productRef = F0A8D5E52D1FAC3800D662C4 /* Alamofire */; };
		F0A8D5E82D1FAD3900D662C4 /* SubscriptionViewModel.swift in Sources */ = {isa = PBXBuildFile; fileRef = F0A8D5E72D1FAD3900D662C4 /* SubscriptionViewModel.swift */; };
		F0A8D5EB2D1FAD8F00D662C4 /* SubscriptionStatusParams.swift in Sources */ = {isa = PBXBuildFile; fileRef = F0A8D5EA2D1FAD8F00D662C4 /* SubscriptionStatusParams.swift */; };
		F0A8D5ED2D1FADBC00D662C4 /* SubscriptionStatusResponse.swift in Sources */ = {isa = PBXBuildFile; fileRef = F0A8D5EC2D1FADBC00D662C4 /* SubscriptionStatusResponse.swift */; };
		F0A8D5F02D1FAE6A00D662C4 /* CodableWrappers in Frameworks */ = {isa = PBXBuildFile; productRef = F0A8D5EF2D1FAE6A00D662C4 /* CodableWrappers */; };
		F0A8D5F62D1FAF7300D662C4 /* PurchaseSubscriptionParams.swift in Sources */ = {isa = PBXBuildFile; fileRef = F0A8D5F52D1FAF7300D662C4 /* PurchaseSubscriptionParams.swift */; };
		F0A8D5F82D1FAF7A00D662C4 /* PurchaseSubscriptionResponse.swift in Sources */ = {isa = PBXBuildFile; fileRef = F0A8D5F72D1FAF7A00D662C4 /* PurchaseSubscriptionResponse.swift */; };
		F0A8D5FB2D1FB08800D662C4 /* get_subscription_status_response.json in Resources */ = {isa = PBXBuildFile; fileRef = F0A8D5FA2D1FB08800D662C4 /* get_subscription_status_response.json */; };
		F0A8D5FD2D1FB0E100D662C4 /* purchase_subscription_response.json in Resources */ = {isa = PBXBuildFile; fileRef = F0A8D5FC2D1FB0E100D662C4 /* purchase_subscription_response.json */; };
		F0A8D6002D1FB17D00D662C4 /* SubscriptionRepository.swift in Sources */ = {isa = PBXBuildFile; fileRef = F0A8D5FF2D1FB17D00D662C4 /* SubscriptionRepository.swift */; };
		F0A8D60C2D1FE86E00D662C4 /* SubscriptionData.swift in Sources */ = {isa = PBXBuildFile; fileRef = F0A8D60B2D1FE86E00D662C4 /* SubscriptionData.swift */; };
		F0A8D60F2D1FEEB200D662C4 /* OHHTTPStubsSwift in Frameworks */ = {isa = PBXBuildFile; productRef = F0A8D60E2D1FEEB200D662C4 /* OHHTTPStubsSwift */; };
		F0A8D6112D1FFB8D00D662C4 /* SubscriptionPage.swift in Sources */ = {isa = PBXBuildFile; fileRef = F0A8D6102D1FFB8D00D662C4 /* SubscriptionPage.swift */; };
/* End PBXBuildFile section */

/* Begin PBXContainerItemProxy section */
		F006A4F02D1E7DBD0045BED1 /* PBXContainerItemProxy */ = {
			isa = PBXContainerItemProxy;
			containerPortal = F006A4D62D1E7DBC0045BED1 /* Project object */;
			proxyType = 1;
			remoteGlobalIDString = F006A4DD2D1E7DBC0045BED1;
			remoteInfo = "speakbuddy-ios";
		};
		F006A4FA2D1E7DBD0045BED1 /* PBXContainerItemProxy */ = {
			isa = PBXContainerItemProxy;
			containerPortal = F006A4D62D1E7DBC0045BED1 /* Project object */;
			proxyType = 1;
			remoteGlobalIDString = F006A4DD2D1E7DBC0045BED1;
			remoteInfo = "speakbuddy-ios";
		};
/* End PBXContainerItemProxy section */

/* Begin PBXFileReference section */
		F006A4DE2D1E7DBC0045BED1 /* speakbuddy-ios.app */ = {isa = PBXFileReference; explicitFileType = wrapper.application; includeInIndex = 0; path = "speakbuddy-ios.app"; sourceTree = BUILT_PRODUCTS_DIR; };
		F006A4E12D1E7DBC0045BED1 /* speakbuddy_iosApp.swift */ = {isa = PBXFileReference; lastKnownFileType = sourcecode.swift; path = speakbuddy_iosApp.swift; sourceTree = "<group>"; };
		F006A4E52D1E7DBD0045BED1 /* Assets.xcassets */ = {isa = PBXFileReference; lastKnownFileType = folder.assetcatalog; path = Assets.xcassets; sourceTree = "<group>"; };
		F006A4E72D1E7DBD0045BED1 /* speakbuddy_ios.entitlements */ = {isa = PBXFileReference; lastKnownFileType = text.plist.entitlements; path = speakbuddy_ios.entitlements; sourceTree = "<group>"; };
		F006A4E92D1E7DBD0045BED1 /* Preview Assets.xcassets */ = {isa = PBXFileReference; lastKnownFileType = folder.assetcatalog; path = "Preview Assets.xcassets"; sourceTree = "<group>"; };
		F006A4EF2D1E7DBD0045BED1 /* speakbuddy-iosTests.xctest */ = {isa = PBXFileReference; explicitFileType = wrapper.cfbundle; includeInIndex = 0; path = "speakbuddy-iosTests.xctest"; sourceTree = BUILT_PRODUCTS_DIR; };
		F006A4F32D1E7DBD0045BED1 /* speakbuddy_iosTests.swift */ = {isa = PBXFileReference; lastKnownFileType = sourcecode.swift; path = speakbuddy_iosTests.swift; sourceTree = "<group>"; };
		F006A4F92D1E7DBD0045BED1 /* speakbuddy-iosUITests.xctest */ = {isa = PBXFileReference; explicitFileType = wrapper.cfbundle; includeInIndex = 0; path = "speakbuddy-iosUITests.xctest"; sourceTree = BUILT_PRODUCTS_DIR; };
		F006A4FD2D1E7DBD0045BED1 /* speakbuddy_iosUITests.swift */ = {isa = PBXFileReference; lastKnownFileType = sourcecode.swift; path = speakbuddy_iosUITests.swift; sourceTree = "<group>"; };
		F006A4FF2D1E7DBD0045BED1 /* speakbuddy_iosUITestsLaunchTests.swift */ = {isa = PBXFileReference; lastKnownFileType = sourcecode.swift; path = speakbuddy_iosUITestsLaunchTests.swift; sourceTree = "<group>"; };
		F0A8D5DA2D1EF60B00D662C4 /* BarView.swift */ = {isa = PBXFileReference; lastKnownFileType = sourcecode.swift; path = BarView.swift; sourceTree = "<group>"; };
		F0A8D5E22D1FAB0D00D662C4 /* Endpoints.swift */ = {isa = PBXFileReference; lastKnownFileType = sourcecode.swift; path = Endpoints.swift; sourceTree = "<group>"; };
		F0A8D5E72D1FAD3900D662C4 /* SubscriptionViewModel.swift */ = {isa = PBXFileReference; lastKnownFileType = sourcecode.swift; path = SubscriptionViewModel.swift; sourceTree = "<group>"; };
		F0A8D5EA2D1FAD8F00D662C4 /* SubscriptionStatusParams.swift */ = {isa = PBXFileReference; lastKnownFileType = sourcecode.swift; path = SubscriptionStatusParams.swift; sourceTree = "<group>"; };
		F0A8D5EC2D1FADBC00D662C4 /* SubscriptionStatusResponse.swift */ = {isa = PBXFileReference; lastKnownFileType = sourcecode.swift; path = SubscriptionStatusResponse.swift; sourceTree = "<group>"; };
		F0A8D5F52D1FAF7300D662C4 /* PurchaseSubscriptionParams.swift */ = {isa = PBXFileReference; lastKnownFileType = sourcecode.swift; path = PurchaseSubscriptionParams.swift; sourceTree = "<group>"; };
		F0A8D5F72D1FAF7A00D662C4 /* PurchaseSubscriptionResponse.swift */ = {isa = PBXFileReference; lastKnownFileType = sourcecode.swift; path = PurchaseSubscriptionResponse.swift; sourceTree = "<group>"; };
		F0A8D5FA2D1FB08800D662C4 /* get_subscription_status_response.json */ = {isa = PBXFileReference; lastKnownFileType = text.json; path = get_subscription_status_response.json; sourceTree = "<group>"; };
		F0A8D5FC2D1FB0E100D662C4 /* purchase_subscription_response.json */ = {isa = PBXFileReference; lastKnownFileType = text.json; path = purchase_subscription_response.json; sourceTree = "<group>"; };
		F0A8D5FF2D1FB17D00D662C4 /* SubscriptionRepository.swift */ = {isa = PBXFileReference; lastKnownFileType = sourcecode.swift; path = SubscriptionRepository.swift; sourceTree = "<group>"; };
		F0A8D60B2D1FE86E00D662C4 /* SubscriptionData.swift */ = {isa = PBXFileReference; lastKnownFileType = sourcecode.swift; path = SubscriptionData.swift; sourceTree = "<group>"; };
		F0A8D6102D1FFB8D00D662C4 /* SubscriptionPage.swift */ = {isa = PBXFileReference; lastKnownFileType = sourcecode.swift; path = SubscriptionPage.swift; sourceTree = "<group>"; };
/* End PBXFileReference section */

/* Begin PBXFrameworksBuildPhase section */
		F006A4DB2D1E7DBC0045BED1 /* Frameworks */ = {
			isa = PBXFrameworksBuildPhase;
			buildActionMask = 2147483647;
			files = (
				F0A8D60F2D1FEEB200D662C4 /* OHHTTPStubsSwift in Frameworks */,
				F0A8D5E62D1FAC3800D662C4 /* Alamofire in Frameworks */,
				F0A8D5F02D1FAE6A00D662C4 /* CodableWrappers in Frameworks */,
			);
			runOnlyForDeploymentPostprocessing = 0;
		};
		F006A4EC2D1E7DBD0045BED1 /* Frameworks */ = {
			isa = PBXFrameworksBuildPhase;
			buildActionMask = 2147483647;
			files = (
			);
			runOnlyForDeploymentPostprocessing = 0;
		};
		F006A4F62D1E7DBD0045BED1 /* Frameworks */ = {
			isa = PBXFrameworksBuildPhase;
			buildActionMask = 2147483647;
			files = (
			);
			runOnlyForDeploymentPostprocessing = 0;
		};
/* End PBXFrameworksBuildPhase section */

/* Begin PBXGroup section */
		F006A4D52D1E7DBC0045BED1 = {
			isa = PBXGroup;
			children = (
				F006A4E02D1E7DBC0045BED1 /* speakbuddy-ios */,
				F006A4F22D1E7DBD0045BED1 /* speakbuddy-iosTests */,
				F006A4FC2D1E7DBD0045BED1 /* speakbuddy-iosUITests */,
				F006A4DF2D1E7DBC0045BED1 /* Products */,
			);
			sourceTree = "<group>";
		};
		F006A4DF2D1E7DBC0045BED1 /* Products */ = {
			isa = PBXGroup;
			children = (
				F006A4DE2D1E7DBC0045BED1 /* speakbuddy-ios.app */,
				F006A4EF2D1E7DBD0045BED1 /* speakbuddy-iosTests.xctest */,
				F006A4F92D1E7DBD0045BED1 /* speakbuddy-iosUITests.xctest */,
			);
			name = Products;
			sourceTree = "<group>";
		};
		F006A4E02D1E7DBC0045BED1 /* speakbuddy-ios */ = {
			isa = PBXGroup;
			children = (
				F0A8D5DC2D1FA9D500D662C4 /* Pages */,
				F0A8D5DD2D1FAA1300D662C4 /* ViewModels */,
				F0A8D5FE2D1FB15E00D662C4 /* Repositories */,
				F05368B72D1E887E00199ED7 /* Components */,
				F0A8D5E92D1FAD7900D662C4 /* Models */,
				F0A8D5E12D1FAAFB00D662C4 /* Services */,
				F006A4E12D1E7DBC0045BED1 /* speakbuddy_iosApp.swift */,
				F006A4E52D1E7DBD0045BED1 /* Assets.xcassets */,
				F006A4E72D1E7DBD0045BED1 /* speakbuddy_ios.entitlements */,
				F006A4E82D1E7DBD0045BED1 /* Preview Content */,
				F0A8D5F92D1FB04000D662C4 /* MockResponse */,
			);
			path = "speakbuddy-ios";
			sourceTree = "<group>";
		};
		F006A4E82D1E7DBD0045BED1 /* Preview Content */ = {
			isa = PBXGroup;
			children = (
				F006A4E92D1E7DBD0045BED1 /* Preview Assets.xcassets */,
			);
			path = "Preview Content";
			sourceTree = "<group>";
		};
		F006A4F22D1E7DBD0045BED1 /* speakbuddy-iosTests */ = {
			isa = PBXGroup;
			children = (
				F006A4F32D1E7DBD0045BED1 /* speakbuddy_iosTests.swift */,
			);
			path = "speakbuddy-iosTests";
			sourceTree = "<group>";
		};
		F006A4FC2D1E7DBD0045BED1 /* speakbuddy-iosUITests */ = {
			isa = PBXGroup;
			children = (
				F006A4FD2D1E7DBD0045BED1 /* speakbuddy_iosUITests.swift */,
				F006A4FF2D1E7DBD0045BED1 /* speakbuddy_iosUITestsLaunchTests.swift */,
			);
			path = "speakbuddy-iosUITests";
			sourceTree = "<group>";
		};
		F05368B72D1E887E00199ED7 /* Components */ = {
			isa = PBXGroup;
			children = (
				F0A8D5DA2D1EF60B00D662C4 /* BarView.swift */,
			);
			path = Components;
			sourceTree = "<group>";
		};
		F0A8D5DC2D1FA9D500D662C4 /* Pages */ = {
			isa = PBXGroup;
			children = (
				F0A8D6102D1FFB8D00D662C4 /* SubscriptionPage.swift */,
			);
			path = Pages;
			sourceTree = "<group>";
		};
		F0A8D5DD2D1FAA1300D662C4 /* ViewModels */ = {
			isa = PBXGroup;
			children = (
				F0A8D5E72D1FAD3900D662C4 /* SubscriptionViewModel.swift */,
			);
			path = ViewModels;
			sourceTree = "<group>";
		};
		F0A8D5E12D1FAAFB00D662C4 /* Services */ = {
			isa = PBXGroup;
			children = (
				F0A8D5E22D1FAB0D00D662C4 /* Endpoints.swift */,
			);
			path = Services;
			sourceTree = "<group>";
		};
		F0A8D5E92D1FAD7900D662C4 /* Models */ = {
			isa = PBXGroup;
			children = (
				F0A8D60B2D1FE86E00D662C4 /* SubscriptionData.swift */,
				F0A8D5F12D1FAECB00D662C4 /* SubscriptionStatus */,
				F0A8D5F42D1FAF5300D662C4 /* PurchaseSubscription */,
			);
			path = Models;
			sourceTree = "<group>";
		};
		F0A8D5F12D1FAECB00D662C4 /* SubscriptionStatus */ = {
			isa = PBXGroup;
			children = (
				F0A8D5EA2D1FAD8F00D662C4 /* SubscriptionStatusParams.swift */,
				F0A8D5EC2D1FADBC00D662C4 /* SubscriptionStatusResponse.swift */,
			);
			path = SubscriptionStatus;
			sourceTree = "<group>";
		};
		F0A8D5F42D1FAF5300D662C4 /* PurchaseSubscription */ = {
			isa = PBXGroup;
			children = (
				F0A8D5F52D1FAF7300D662C4 /* PurchaseSubscriptionParams.swift */,
				F0A8D5F72D1FAF7A00D662C4 /* PurchaseSubscriptionResponse.swift */,
			);
			path = PurchaseSubscription;
			sourceTree = "<group>";
		};
		F0A8D5F92D1FB04000D662C4 /* MockResponse */ = {
			isa = PBXGroup;
			children = (
				F0A8D5FA2D1FB08800D662C4 /* get_subscription_status_response.json */,
				F0A8D5FC2D1FB0E100D662C4 /* purchase_subscription_response.json */,
			);
			path = MockResponse;
			sourceTree = "<group>";
		};
		F0A8D5FE2D1FB15E00D662C4 /* Repositories */ = {
			isa = PBXGroup;
			children = (
				F0A8D5FF2D1FB17D00D662C4 /* SubscriptionRepository.swift */,
			);
			path = Repositories;
			sourceTree = "<group>";
		};
/* End PBXGroup section */

/* Begin PBXNativeTarget section */
		F006A4DD2D1E7DBC0045BED1 /* speakbuddy-ios */ = {
			isa = PBXNativeTarget;
			buildConfigurationList = F006A5032D1E7DBD0045BED1 /* Build configuration list for PBXNativeTarget "speakbuddy-ios" */;
			buildPhases = (
				F006A4DA2D1E7DBC0045BED1 /* Sources */,
				F006A4DB2D1E7DBC0045BED1 /* Frameworks */,
				F006A4DC2D1E7DBC0045BED1 /* Resources */,
			);
			buildRules = (
			);
			dependencies = (
			);
			name = "speakbuddy-ios";
			packageProductDependencies = (
				F0A8D5E52D1FAC3800D662C4 /* Alamofire */,
				F0A8D5EF2D1FAE6A00D662C4 /* CodableWrappers */,
				F0A8D60E2D1FEEB200D662C4 /* OHHTTPStubsSwift */,
			);
			productName = "speakbuddy-ios";
			productReference = F006A4DE2D1E7DBC0045BED1 /* speakbuddy-ios.app */;
			productType = "com.apple.product-type.application";
		};
		F006A4EE2D1E7DBD0045BED1 /* speakbuddy-iosTests */ = {
			isa = PBXNativeTarget;
			buildConfigurationList = F006A5062D1E7DBD0045BED1 /* Build configuration list for PBXNativeTarget "speakbuddy-iosTests" */;
			buildPhases = (
				F006A4EB2D1E7DBD0045BED1 /* Sources */,
				F006A4EC2D1E7DBD0045BED1 /* Frameworks */,
				F006A4ED2D1E7DBD0045BED1 /* Resources */,
			);
			buildRules = (
			);
			dependencies = (
				F006A4F12D1E7DBD0045BED1 /* PBXTargetDependency */,
			);
			name = "speakbuddy-iosTests";
			productName = "speakbuddy-iosTests";
			productReference = F006A4EF2D1E7DBD0045BED1 /* speakbuddy-iosTests.xctest */;
			productType = "com.apple.product-type.bundle.unit-test";
		};
		F006A4F82D1E7DBD0045BED1 /* speakbuddy-iosUITests */ = {
			isa = PBXNativeTarget;
			buildConfigurationList = F006A5092D1E7DBD0045BED1 /* Build configuration list for PBXNativeTarget "speakbuddy-iosUITests" */;
			buildPhases = (
				F006A4F52D1E7DBD0045BED1 /* Sources */,
				F006A4F62D1E7DBD0045BED1 /* Frameworks */,
				F006A4F72D1E7DBD0045BED1 /* Resources */,
			);
			buildRules = (
			);
			dependencies = (
				F006A4FB2D1E7DBD0045BED1 /* PBXTargetDependency */,
			);
			name = "speakbuddy-iosUITests";
			productName = "speakbuddy-iosUITests";
			productReference = F006A4F92D1E7DBD0045BED1 /* speakbuddy-iosUITests.xctest */;
			productType = "com.apple.product-type.bundle.ui-testing";
		};
/* End PBXNativeTarget section */

/* Begin PBXProject section */
		F006A4D62D1E7DBC0045BED1 /* Project object */ = {
			isa = PBXProject;
			attributes = {
				BuildIndependentTargetsInParallel = 1;
				LastSwiftUpdateCheck = 1530;
				LastUpgradeCheck = 1530;
				TargetAttributes = {
					F006A4DD2D1E7DBC0045BED1 = {
						CreatedOnToolsVersion = 15.3;
					};
					F006A4EE2D1E7DBD0045BED1 = {
						CreatedOnToolsVersion = 15.3;
						TestTargetID = F006A4DD2D1E7DBC0045BED1;
					};
					F006A4F82D1E7DBD0045BED1 = {
						CreatedOnToolsVersion = 15.3;
						TestTargetID = F006A4DD2D1E7DBC0045BED1;
					};
				};
			};
			buildConfigurationList = F006A4D92D1E7DBC0045BED1 /* Build configuration list for PBXProject "speakbuddy-ios" */;
			compatibilityVersion = "Xcode 14.0";
			developmentRegion = en;
			hasScannedForEncodings = 0;
			knownRegions = (
				en,
				Base,
			);
			mainGroup = F006A4D52D1E7DBC0045BED1;
			packageReferences = (
				F0A8D5E42D1FAC3800D662C4 /* XCRemoteSwiftPackageReference "Alamofire" */,
				F0A8D5EE2D1FAE6A00D662C4 /* XCRemoteSwiftPackageReference "CodableWrappers" */,
				F0A8D60D2D1FEEB200D662C4 /* XCRemoteSwiftPackageReference "OHHTTPStubs" */,
			);
			productRefGroup = F006A4DF2D1E7DBC0045BED1 /* Products */;
			projectDirPath = "";
			projectRoot = "";
			targets = (
				F006A4DD2D1E7DBC0045BED1 /* speakbuddy-ios */,
				F006A4EE2D1E7DBD0045BED1 /* speakbuddy-iosTests */,
				F006A4F82D1E7DBD0045BED1 /* speakbuddy-iosUITests */,
			);
		};
/* End PBXProject section */

/* Begin PBXResourcesBuildPhase section */
		F006A4DC2D1E7DBC0045BED1 /* Resources */ = {
			isa = PBXResourcesBuildPhase;
			buildActionMask = 2147483647;
			files = (
				F0A8D5FD2D1FB0E100D662C4 /* purchase_subscription_response.json in Resources */,
				F006A4EA2D1E7DBD0045BED1 /* Preview Assets.xcassets in Resources */,
				F006A4E62D1E7DBD0045BED1 /* Assets.xcassets in Resources */,
				F0A8D5FB2D1FB08800D662C4 /* get_subscription_status_response.json in Resources */,
			);
			runOnlyForDeploymentPostprocessing = 0;
		};
		F006A4ED2D1E7DBD0045BED1 /* Resources */ = {
			isa = PBXResourcesBuildPhase;
			buildActionMask = 2147483647;
			files = (
			);
			runOnlyForDeploymentPostprocessing = 0;
		};
		F006A4F72D1E7DBD0045BED1 /* Resources */ = {
			isa = PBXResourcesBuildPhase;
			buildActionMask = 2147483647;
			files = (
			);
			runOnlyForDeploymentPostprocessing = 0;
		};
/* End PBXResourcesBuildPhase section */

/* Begin PBXSourcesBuildPhase section */
		F006A4DA2D1E7DBC0045BED1 /* Sources */ = {
			isa = PBXSourcesBuildPhase;
			buildActionMask = 2147483647;
			files = (
				F0A8D5F82D1FAF7A00D662C4 /* PurchaseSubscriptionResponse.swift in Sources */,
				F0A8D5DB2D1EF60B00D662C4 /* BarView.swift in Sources */,
				F0A8D6112D1FFB8D00D662C4 /* SubscriptionPage.swift in Sources */,
				F0A8D5EB2D1FAD8F00D662C4 /* SubscriptionStatusParams.swift in Sources */,
				F0A8D5E82D1FAD3900D662C4 /* SubscriptionViewModel.swift in Sources */,
				F0A8D60C2D1FE86E00D662C4 /* SubscriptionData.swift in Sources */,
				F0A8D5ED2D1FADBC00D662C4 /* SubscriptionStatusResponse.swift in Sources */,
				F0A8D6002D1FB17D00D662C4 /* SubscriptionRepository.swift in Sources */,
				F0A8D5E32D1FAB0D00D662C4 /* Endpoints.swift in Sources */,
				F0A8D5F62D1FAF7300D662C4 /* PurchaseSubscriptionParams.swift in Sources */,
				F006A4E22D1E7DBC0045BED1 /* speakbuddy_iosApp.swift in Sources */,
			);
			runOnlyForDeploymentPostprocessing = 0;
		};
		F006A4EB2D1E7DBD0045BED1 /* Sources */ = {
			isa = PBXSourcesBuildPhase;
			buildActionMask = 2147483647;
			files = (
				F006A4F42D1E7DBD0045BED1 /* speakbuddy_iosTests.swift in Sources */,
			);
			runOnlyForDeploymentPostprocessing = 0;
		};
		F006A4F52D1E7DBD0045BED1 /* Sources */ = {
			isa = PBXSourcesBuildPhase;
			buildActionMask = 2147483647;
			files = (
				F006A5002D1E7DBD0045BED1 /* speakbuddy_iosUITestsLaunchTests.swift in Sources */,
				F006A4FE2D1E7DBD0045BED1 /* speakbuddy_iosUITests.swift in Sources */,
			);
			runOnlyForDeploymentPostprocessing = 0;
		};
/* End PBXSourcesBuildPhase section */

/* Begin PBXTargetDependency section */
		F006A4F12D1E7DBD0045BED1 /* PBXTargetDependency */ = {
			isa = PBXTargetDependency;
			target = F006A4DD2D1E7DBC0045BED1 /* speakbuddy-ios */;
			targetProxy = F006A4F02D1E7DBD0045BED1 /* PBXContainerItemProxy */;
		};
		F006A4FB2D1E7DBD0045BED1 /* PBXTargetDependency */ = {
			isa = PBXTargetDependency;
			target = F006A4DD2D1E7DBC0045BED1 /* speakbuddy-ios */;
			targetProxy = F006A4FA2D1E7DBD0045BED1 /* PBXContainerItemProxy */;
		};
/* End PBXTargetDependency section */

/* Begin XCBuildConfiguration section */
		F006A5012D1E7DBD0045BED1 /* Debug */ = {
			isa = XCBuildConfiguration;
			buildSettings = {
				ALWAYS_SEARCH_USER_PATHS = NO;
				ASSETCATALOG_COMPILER_GENERATE_SWIFT_ASSET_SYMBOL_EXTENSIONS = YES;
				CLANG_ANALYZER_NONNULL = YES;
				CLANG_ANALYZER_NUMBER_OBJECT_CONVERSION = YES_AGGRESSIVE;
				CLANG_CXX_LANGUAGE_STANDARD = "gnu++20";
				CLANG_ENABLE_MODULES = YES;
				CLANG_ENABLE_OBJC_ARC = YES;
				CLANG_ENABLE_OBJC_WEAK = YES;
				CLANG_WARN_BLOCK_CAPTURE_AUTORELEASING = YES;
				CLANG_WARN_BOOL_CONVERSION = YES;
				CLANG_WARN_COMMA = YES;
				CLANG_WARN_CONSTANT_CONVERSION = YES;
				CLANG_WARN_DEPRECATED_OBJC_IMPLEMENTATIONS = YES;
				CLANG_WARN_DIRECT_OBJC_ISA_USAGE = YES_ERROR;
				CLANG_WARN_DOCUMENTATION_COMMENTS = YES;
				CLANG_WARN_EMPTY_BODY = YES;
				CLANG_WARN_ENUM_CONVERSION = YES;
				CLANG_WARN_INFINITE_RECURSION = YES;
				CLANG_WARN_INT_CONVERSION = YES;
				CLANG_WARN_NON_LITERAL_NULL_CONVERSION = YES;
				CLANG_WARN_OBJC_IMPLICIT_RETAIN_SELF = YES;
				CLANG_WARN_OBJC_LITERAL_CONVERSION = YES;
				CLANG_WARN_OBJC_ROOT_CLASS = YES_ERROR;
				CLANG_WARN_QUOTED_INCLUDE_IN_FRAMEWORK_HEADER = YES;
				CLANG_WARN_RANGE_LOOP_ANALYSIS = YES;
				CLANG_WARN_STRICT_PROTOTYPES = YES;
				CLANG_WARN_SUSPICIOUS_MOVE = YES;
				CLANG_WARN_UNGUARDED_AVAILABILITY = YES_AGGRESSIVE;
				CLANG_WARN_UNREACHABLE_CODE = YES;
				CLANG_WARN__DUPLICATE_METHOD_MATCH = YES;
				COPY_PHASE_STRIP = NO;
				DEBUG_INFORMATION_FORMAT = dwarf;
				ENABLE_STRICT_OBJC_MSGSEND = YES;
				ENABLE_TESTABILITY = YES;
				ENABLE_USER_SCRIPT_SANDBOXING = YES;
				GCC_C_LANGUAGE_STANDARD = gnu17;
				GCC_DYNAMIC_NO_PIC = NO;
				GCC_NO_COMMON_BLOCKS = YES;
				GCC_OPTIMIZATION_LEVEL = 0;
				GCC_PREPROCESSOR_DEFINITIONS = (
					"DEBUG=1",
					"$(inherited)",
				);
				GCC_WARN_64_TO_32_BIT_CONVERSION = YES;
				GCC_WARN_ABOUT_RETURN_TYPE = YES_ERROR;
				GCC_WARN_UNDECLARED_SELECTOR = YES;
				GCC_WARN_UNINITIALIZED_AUTOS = YES_AGGRESSIVE;
				GCC_WARN_UNUSED_FUNCTION = YES;
				GCC_WARN_UNUSED_VARIABLE = YES;
				LOCALIZATION_PREFERS_STRING_CATALOGS = YES;
				MTL_ENABLE_DEBUG_INFO = INCLUDE_SOURCE;
				MTL_FAST_MATH = YES;
				ONLY_ACTIVE_ARCH = YES;
				SWIFT_ACTIVE_COMPILATION_CONDITIONS = "DEBUG $(inherited)";
				SWIFT_OPTIMIZATION_LEVEL = "-Onone";
			};
			name = Debug;
		};
		F006A5022D1E7DBD0045BED1 /* Release */ = {
			isa = XCBuildConfiguration;
			buildSettings = {
				ALWAYS_SEARCH_USER_PATHS = NO;
				ASSETCATALOG_COMPILER_GENERATE_SWIFT_ASSET_SYMBOL_EXTENSIONS = YES;
				CLANG_ANALYZER_NONNULL = YES;
				CLANG_ANALYZER_NUMBER_OBJECT_CONVERSION = YES_AGGRESSIVE;
				CLANG_CXX_LANGUAGE_STANDARD = "gnu++20";
				CLANG_ENABLE_MODULES = YES;
				CLANG_ENABLE_OBJC_ARC = YES;
				CLANG_ENABLE_OBJC_WEAK = YES;
				CLANG_WARN_BLOCK_CAPTURE_AUTORELEASING = YES;
				CLANG_WARN_BOOL_CONVERSION = YES;
				CLANG_WARN_COMMA = YES;
				CLANG_WARN_CONSTANT_CONVERSION = YES;
				CLANG_WARN_DEPRECATED_OBJC_IMPLEMENTATIONS = YES;
				CLANG_WARN_DIRECT_OBJC_ISA_USAGE = YES_ERROR;
				CLANG_WARN_DOCUMENTATION_COMMENTS = YES;
				CLANG_WARN_EMPTY_BODY = YES;
				CLANG_WARN_ENUM_CONVERSION = YES;
				CLANG_WARN_INFINITE_RECURSION = YES;
				CLANG_WARN_INT_CONVERSION = YES;
				CLANG_WARN_NON_LITERAL_NULL_CONVERSION = YES;
				CLANG_WARN_OBJC_IMPLICIT_RETAIN_SELF = YES;
				CLANG_WARN_OBJC_LITERAL_CONVERSION = YES;
				CLANG_WARN_OBJC_ROOT_CLASS = YES_ERROR;
				CLANG_WARN_QUOTED_INCLUDE_IN_FRAMEWORK_HEADER = YES;
				CLANG_WARN_RANGE_LOOP_ANALYSIS = YES;
				CLANG_WARN_STRICT_PROTOTYPES = YES;
				CLANG_WARN_SUSPICIOUS_MOVE = YES;
				CLANG_WARN_UNGUARDED_AVAILABILITY = YES_AGGRESSIVE;
				CLANG_WARN_UNREACHABLE_CODE = YES;
				CLANG_WARN__DUPLICATE_METHOD_MATCH = YES;
				COPY_PHASE_STRIP = NO;
				DEBUG_INFORMATION_FORMAT = "dwarf-with-dsym";
				ENABLE_NS_ASSERTIONS = NO;
				ENABLE_STRICT_OBJC_MSGSEND = YES;
				ENABLE_USER_SCRIPT_SANDBOXING = YES;
				GCC_C_LANGUAGE_STANDARD = gnu17;
				GCC_NO_COMMON_BLOCKS = YES;
				GCC_WARN_64_TO_32_BIT_CONVERSION = YES;
				GCC_WARN_ABOUT_RETURN_TYPE = YES_ERROR;
				GCC_WARN_UNDECLARED_SELECTOR = YES;
				GCC_WARN_UNINITIALIZED_AUTOS = YES_AGGRESSIVE;
				GCC_WARN_UNUSED_FUNCTION = YES;
				GCC_WARN_UNUSED_VARIABLE = YES;
				LOCALIZATION_PREFERS_STRING_CATALOGS = YES;
				MTL_ENABLE_DEBUG_INFO = NO;
				MTL_FAST_MATH = YES;
				SWIFT_COMPILATION_MODE = wholemodule;
			};
			name = Release;
		};
		F006A5042D1E7DBD0045BED1 /* Debug */ = {
			isa = XCBuildConfiguration;
			buildSettings = {
				ASSETCATALOG_COMPILER_APPICON_NAME = AppIcon;
				ASSETCATALOG_COMPILER_GLOBAL_ACCENT_COLOR_NAME = AccentColor;
				CODE_SIGN_ENTITLEMENTS = "speakbuddy-ios/speakbuddy_ios.entitlements";
				CODE_SIGN_STYLE = Automatic;
				CURRENT_PROJECT_VERSION = 1;
				DEVELOPMENT_ASSET_PATHS = "\"speakbuddy-ios/Preview Content\"";
				DEVELOPMENT_TEAM = PYFA259W36;
				ENABLE_HARDENED_RUNTIME = YES;
				ENABLE_PREVIEWS = YES;
				GENERATE_INFOPLIST_FILE = YES;
				"INFOPLIST_KEY_UIApplicationSceneManifest_Generation[sdk=iphoneos*]" = YES;
				"INFOPLIST_KEY_UIApplicationSceneManifest_Generation[sdk=iphonesimulator*]" = YES;
				"INFOPLIST_KEY_UIApplicationSupportsIndirectInputEvents[sdk=iphoneos*]" = YES;
				"INFOPLIST_KEY_UIApplicationSupportsIndirectInputEvents[sdk=iphonesimulator*]" = YES;
				"INFOPLIST_KEY_UILaunchScreen_Generation[sdk=iphoneos*]" = YES;
				"INFOPLIST_KEY_UILaunchScreen_Generation[sdk=iphonesimulator*]" = YES;
				"INFOPLIST_KEY_UIStatusBarStyle[sdk=iphoneos*]" = UIStatusBarStyleDefault;
				"INFOPLIST_KEY_UIStatusBarStyle[sdk=iphonesimulator*]" = UIStatusBarStyleDefault;
				INFOPLIST_KEY_UISupportedInterfaceOrientations = "UIInterfaceOrientationPortrait UIInterfaceOrientationPortraitUpsideDown";
				IPHONEOS_DEPLOYMENT_TARGET = 17.4;
				LD_RUNPATH_SEARCH_PATHS = "@executable_path/Frameworks";
				"LD_RUNPATH_SEARCH_PATHS[sdk=macosx*]" = "@executable_path/../Frameworks";
				MACOSX_DEPLOYMENT_TARGET = 14.4;
				MARKETING_VERSION = 1.0;
				PRODUCT_BUNDLE_IDENTIFIER = "com.nicholausadi.speakbuddy-ios";
				PRODUCT_NAME = "$(TARGET_NAME)";
				SDKROOT = auto;
				SUPPORTED_PLATFORMS = "iphoneos iphonesimulator";
				SUPPORTS_MACCATALYST = NO;
				SWIFT_EMIT_LOC_STRINGS = YES;
				SWIFT_VERSION = 5.0;
				TARGETED_DEVICE_FAMILY = "1,2";
			};
			name = Debug;
		};
		F006A5052D1E7DBD0045BED1 /* Release */ = {
			isa = XCBuildConfiguration;
			buildSettings = {
				ASSETCATALOG_COMPILER_APPICON_NAME = AppIcon;
				ASSETCATALOG_COMPILER_GLOBAL_ACCENT_COLOR_NAME = AccentColor;
				CODE_SIGN_ENTITLEMENTS = "speakbuddy-ios/speakbuddy_ios.entitlements";
				CODE_SIGN_STYLE = Automatic;
				CURRENT_PROJECT_VERSION = 1;
				DEVELOPMENT_ASSET_PATHS = "\"speakbuddy-ios/Preview Content\"";
				DEVELOPMENT_TEAM = PYFA259W36;
				ENABLE_HARDENED_RUNTIME = YES;
				ENABLE_PREVIEWS = YES;
				GENERATE_INFOPLIST_FILE = YES;
				"INFOPLIST_KEY_UIApplicationSceneManifest_Generation[sdk=iphoneos*]" = YES;
				"INFOPLIST_KEY_UIApplicationSceneManifest_Generation[sdk=iphonesimulator*]" = YES;
				"INFOPLIST_KEY_UIApplicationSupportsIndirectInputEvents[sdk=iphoneos*]" = YES;
				"INFOPLIST_KEY_UIApplicationSupportsIndirectInputEvents[sdk=iphonesimulator*]" = YES;
				"INFOPLIST_KEY_UILaunchScreen_Generation[sdk=iphoneos*]" = YES;
				"INFOPLIST_KEY_UILaunchScreen_Generation[sdk=iphonesimulator*]" = YES;
				"INFOPLIST_KEY_UIStatusBarStyle[sdk=iphoneos*]" = UIStatusBarStyleDefault;
				"INFOPLIST_KEY_UIStatusBarStyle[sdk=iphonesimulator*]" = UIStatusBarStyleDefault;
				INFOPLIST_KEY_UISupportedInterfaceOrientations = "UIInterfaceOrientationPortrait UIInterfaceOrientationPortraitUpsideDown";
				IPHONEOS_DEPLOYMENT_TARGET = 17.4;
				LD_RUNPATH_SEARCH_PATHS = "@executable_path/Frameworks";
				"LD_RUNPATH_SEARCH_PATHS[sdk=macosx*]" = "@executable_path/../Frameworks";
				MACOSX_DEPLOYMENT_TARGET = 14.4;
				MARKETING_VERSION = 1.0;
				PRODUCT_BUNDLE_IDENTIFIER = "com.nicholausadi.speakbuddy-ios";
				PRODUCT_NAME = "$(TARGET_NAME)";
				SDKROOT = auto;
				SUPPORTED_PLATFORMS = "iphoneos iphonesimulator";
				SUPPORTS_MACCATALYST = NO;
				SWIFT_EMIT_LOC_STRINGS = YES;
				SWIFT_VERSION = 5.0;
				TARGETED_DEVICE_FAMILY = "1,2";
			};
			name = Release;
		};
		F006A5072D1E7DBD0045BED1 /* Debug */ = {
			isa = XCBuildConfiguration;
			buildSettings = {
				ALWAYS_EMBED_SWIFT_STANDARD_LIBRARIES = YES;
				BUNDLE_LOADER = "$(TEST_HOST)";
				CODE_SIGN_STYLE = Automatic;
				CURRENT_PROJECT_VERSION = 1;
				DEVELOPMENT_TEAM = PYFA259W36;
				GENERATE_INFOPLIST_FILE = YES;
				IPHONEOS_DEPLOYMENT_TARGET = 17.4;
				MACOSX_DEPLOYMENT_TARGET = 14.4;
				MARKETING_VERSION = 1.0;
				PRODUCT_BUNDLE_IDENTIFIER = "com.nicholausadi.speakbuddy-iosTests";
				PRODUCT_NAME = "$(TARGET_NAME)";
				SDKROOT = auto;
				SUPPORTED_PLATFORMS = "iphoneos iphonesimulator";
				SUPPORTS_MACCATALYST = NO;
				SWIFT_EMIT_LOC_STRINGS = NO;
				SWIFT_VERSION = 5.0;
				TARGETED_DEVICE_FAMILY = "1,2";
				TEST_HOST = "$(BUILT_PRODUCTS_DIR)/speakbuddy-ios.app/$(BUNDLE_EXECUTABLE_FOLDER_PATH)/speakbuddy-ios";
			};
			name = Debug;
		};
		F006A5082D1E7DBD0045BED1 /* Release */ = {
			isa = XCBuildConfiguration;
			buildSettings = {
				ALWAYS_EMBED_SWIFT_STANDARD_LIBRARIES = YES;
				BUNDLE_LOADER = "$(TEST_HOST)";
				CODE_SIGN_STYLE = Automatic;
				CURRENT_PROJECT_VERSION = 1;
				DEVELOPMENT_TEAM = PYFA259W36;
				GENERATE_INFOPLIST_FILE = YES;
				IPHONEOS_DEPLOYMENT_TARGET = 17.4;
				MACOSX_DEPLOYMENT_TARGET = 14.4;
				MARKETING_VERSION = 1.0;
				PRODUCT_BUNDLE_IDENTIFIER = "com.nicholausadi.speakbuddy-iosTests";
				PRODUCT_NAME = "$(TARGET_NAME)";
				SDKROOT = auto;
				SUPPORTED_PLATFORMS = "iphoneos iphonesimulator";
				SUPPORTS_MACCATALYST = NO;
				SWIFT_EMIT_LOC_STRINGS = NO;
				SWIFT_VERSION = 5.0;
				TARGETED_DEVICE_FAMILY = "1,2";
				TEST_HOST = "$(BUILT_PRODUCTS_DIR)/speakbuddy-ios.app/$(BUNDLE_EXECUTABLE_FOLDER_PATH)/speakbuddy-ios";
			};
			name = Release;
		};
		F006A50A2D1E7DBD0045BED1 /* Debug */ = {
			isa = XCBuildConfiguration;
			buildSettings = {
				ALWAYS_EMBED_SWIFT_STANDARD_LIBRARIES = YES;
				CODE_SIGN_STYLE = Automatic;
				CURRENT_PROJECT_VERSION = 1;
				DEVELOPMENT_TEAM = PYFA259W36;
				GENERATE_INFOPLIST_FILE = YES;
				IPHONEOS_DEPLOYMENT_TARGET = 17.4;
				MACOSX_DEPLOYMENT_TARGET = 14.4;
				MARKETING_VERSION = 1.0;
				PRODUCT_BUNDLE_IDENTIFIER = "com.nicholausadi.speakbuddy-iosUITests";
				PRODUCT_NAME = "$(TARGET_NAME)";
				SDKROOT = auto;
				SUPPORTED_PLATFORMS = "iphoneos iphonesimulator";
				SUPPORTS_MACCATALYST = NO;
				SWIFT_EMIT_LOC_STRINGS = NO;
				SWIFT_VERSION = 5.0;
				TARGETED_DEVICE_FAMILY = "1,2";
				TEST_TARGET_NAME = "speakbuddy-ios";
			};
			name = Debug;
		};
		F006A50B2D1E7DBD0045BED1 /* Release */ = {
			isa = XCBuildConfiguration;
			buildSettings = {
				ALWAYS_EMBED_SWIFT_STANDARD_LIBRARIES = YES;
				CODE_SIGN_STYLE = Automatic;
				CURRENT_PROJECT_VERSION = 1;
				DEVELOPMENT_TEAM = PYFA259W36;
				GENERATE_INFOPLIST_FILE = YES;
				IPHONEOS_DEPLOYMENT_TARGET = 17.4;
				MACOSX_DEPLOYMENT_TARGET = 14.4;
				MARKETING_VERSION = 1.0;
				PRODUCT_BUNDLE_IDENTIFIER = "com.nicholausadi.speakbuddy-iosUITests";
				PRODUCT_NAME = "$(TARGET_NAME)";
				SDKROOT = auto;
				SUPPORTED_PLATFORMS = "iphoneos iphonesimulator";
				SUPPORTS_MACCATALYST = NO;
				SWIFT_EMIT_LOC_STRINGS = NO;
				SWIFT_VERSION = 5.0;
				TARGETED_DEVICE_FAMILY = "1,2";
				TEST_TARGET_NAME = "speakbuddy-ios";
			};
			name = Release;
		};
/* End XCBuildConfiguration section */

/* Begin XCConfigurationList section */
		F006A4D92D1E7DBC0045BED1 /* Build configuration list for PBXProject "speakbuddy-ios" */ = {
			isa = XCConfigurationList;
			buildConfigurations = (
				F006A5012D1E7DBD0045BED1 /* Debug */,
				F006A5022D1E7DBD0045BED1 /* Release */,
			);
			defaultConfigurationIsVisible = 0;
			defaultConfigurationName = Release;
		};
		F006A5032D1E7DBD0045BED1 /* Build configuration list for PBXNativeTarget "speakbuddy-ios" */ = {
			isa = XCConfigurationList;
			buildConfigurations = (
				F006A5042D1E7DBD0045BED1 /* Debug */,
				F006A5052D1E7DBD0045BED1 /* Release */,
			);
			defaultConfigurationIsVisible = 0;
			defaultConfigurationName = Release;
		};
		F006A5062D1E7DBD0045BED1 /* Build configuration list for PBXNativeTarget "speakbuddy-iosTests" */ = {
			isa = XCConfigurationList;
			buildConfigurations = (
				F006A5072D1E7DBD0045BED1 /* Debug */,
				F006A5082D1E7DBD0045BED1 /* Release */,
			);
			defaultConfigurationIsVisible = 0;
			defaultConfigurationName = Release;
		};
		F006A5092D1E7DBD0045BED1 /* Build configuration list for PBXNativeTarget "speakbuddy-iosUITests" */ = {
			isa = XCConfigurationList;
			buildConfigurations = (
				F006A50A2D1E7DBD0045BED1 /* Debug */,
				F006A50B2D1E7DBD0045BED1 /* Release */,
			);
			defaultConfigurationIsVisible = 0;
			defaultConfigurationName = Release;
		};
/* End XCConfigurationList section */

/* Begin XCRemoteSwiftPackageReference section */
		F0A8D5E42D1FAC3800D662C4 /* XCRemoteSwiftPackageReference "Alamofire" */ = {
			isa = XCRemoteSwiftPackageReference;
			repositoryURL = "https://github.com/Alamofire/Alamofire.git";
			requirement = {
				kind = upToNextMajorVersion;
				minimumVersion = 5.10.2;
			};
		};
		F0A8D5EE2D1FAE6A00D662C4 /* XCRemoteSwiftPackageReference "CodableWrappers" */ = {
			isa = XCRemoteSwiftPackageReference;
			repositoryURL = "https://github.com/GottaGetSwifty/CodableWrappers";
			requirement = {
				kind = upToNextMajorVersion;
				minimumVersion = 3.0.1;
			};
		};
		F0A8D60D2D1FEEB200D662C4 /* XCRemoteSwiftPackageReference "OHHTTPStubs" */ = {
			isa = XCRemoteSwiftPackageReference;
			repositoryURL = "https://github.com/AliSoftware/OHHTTPStubs";
			requirement = {
				kind = upToNextMajorVersion;
				minimumVersion = 9.1.0;
			};
		};
/* End XCRemoteSwiftPackageReference section */

/* Begin XCSwiftPackageProductDependency section */
		F0A8D5E52D1FAC3800D662C4 /* Alamofire */ = {
			isa = XCSwiftPackageProductDependency;
			package = F0A8D5E42D1FAC3800D662C4 /* XCRemoteSwiftPackageReference "Alamofire" */;
			productName = Alamofire;
		};
		F0A8D5EF2D1FAE6A00D662C4 /* CodableWrappers */ = {
			isa = XCSwiftPackageProductDependency;
			package = F0A8D5EE2D1FAE6A00D662C4 /* XCRemoteSwiftPackageReference "CodableWrappers" */;
			productName = CodableWrappers;
		};
		F0A8D60E2D1FEEB200D662C4 /* OHHTTPStubsSwift */ = {
			isa = XCSwiftPackageProductDependency;
			package = F0A8D60D2D1FEEB200D662C4 /* XCRemoteSwiftPackageReference "OHHTTPStubs" */;
			productName = OHHTTPStubsSwift;
		};
/* End XCSwiftPackageProductDependency section */
	};
	rootObject = F006A4D62D1E7DBC0045BED1 /* Project object */;
}
